
Microsoft Visual Studio Solution File, Format Version 12.00
# Visual Studio Version 16
VisualStudioVersion = 16.0.28922.388
MinimumVisualStudioVersion = 10.0.40219.1
Project("{9A19103F-16F7-4668-BE54-9A1E7A4F7556}") = "Api", "SchoolFullApi\Api.csproj", "{F48632FE-944A-490A-A6F4-A6820F235A67}"
EndProject
Project("{9A19103F-16F7-4668-BE54-9A1E7A4F7556}") = "Domain", "Domain\Domain.csproj", "{A6EF7CF2-1F2C-4C91-970C-10B94D6C4868}"
EndProject
Project("{9A19103F-16F7-4668-BE54-9A1E7A4F7556}") = "Data", "Data\Data.csproj", "{9DBF22C5-6061-48B0-ADA7-156C2A9A9637}"
EndProject
Project("{9A19103F-16F7-4668-BE54-9A1E7A4F7556}") = "Contract", "Contract\Contract.csproj", "{D89AC7C6-0A5B-4FE4-A2B4-665BB2A8DFD5}"
EndProject
Project("{9A19103F-16F7-4668-BE54-9A1E7A4F7556}") = "UT", "UT\UT.csproj", "{E9DFDFAB-0A89-4BC3-B18A-2D70ED97439B}"
EndProject
Project("{9A19103F-16F7-4668-BE54-9A1E7A4F7556}") = "Repositories", "Repositories\Repositories.csproj", "{D9D86B63-F2C1-404C-B927-E4EB1268E091}"
EndProject
Project("{9A19103F-16F7-4668-BE54-9A1E7A4F7556}") = "BL", "BL\BL.csproj", "{2AACAC41-F556-4E97-9B44-E935D6B53899}"
EndProject
Project("{9A19103F-16F7-4668-BE54-9A1E7A4F7556}") = "LambdaApi", "LambdaApi\LambdaApi.csproj", "{5B2196B0-5C90-4FCB-933C-EF1028ECEA6F}"
EndProject
Project("{9A19103F-16F7-4668-BE54-9A1E7A4F7556}") = "LambdaApi.Tests", "LambdaApi.Tests\LambdaApi.Tests.csproj", "{D2A76F29-EBC6-4AC6-B7FF-43457B6F108E}"
EndProject
Global
	GlobalSection(SolutionConfigurationPlatforms) = preSolution
		Debug|Any CPU = Debug|Any CPU
		Release|Any CPU = Release|Any CPU
	EndGlobalSection
	GlobalSection(ProjectConfigurationPlatforms) = postSolution
		{F48632FE-944A-490A-A6F4-A6820F235A67}.Debug|Any CPU.ActiveCfg = Debug|Any CPU
		{F48632FE-944A-490A-A6F4-A6820F235A67}.Debug|Any CPU.Build.0 = Debug|Any CPU
		{F48632FE-944A-490A-A6F4-A6820F235A67}.Release|Any CPU.ActiveCfg = Release|Any CPU
		{F48632FE-944A-490A-A6F4-A6820F235A67}.Release|Any CPU.Build.0 = Release|Any CPU
		{A6EF7CF2-1F2C-4C91-970C-10B94D6C4868}.Debug|Any CPU.ActiveCfg = Debug|Any CPU
		{A6EF7CF2-1F2C-4C91-970C-10B94D6C4868}.Debug|Any CPU.Build.0 = Debug|Any CPU
		{A6EF7CF2-1F2C-4C91-970C-10B94D6C4868}.Release|Any CPU.ActiveCfg = Release|Any CPU
		{A6EF7CF2-1F2C-4C91-970C-10B94D6C4868}.Release|Any CPU.Build.0 = Release|Any CPU
		{9DBF22C5-6061-48B0-ADA7-156C2A9A9637}.Debug|Any CPU.ActiveCfg = Debug|Any CPU
		{9DBF22C5-6061-48B0-ADA7-156C2A9A9637}.Debug|Any CPU.Build.0 = Debug|Any CPU
		{9DBF22C5-6061-48B0-ADA7-156C2A9A9637}.Release|Any CPU.ActiveCfg = Release|Any CPU
		{9DBF22C5-6061-48B0-ADA7-156C2A9A9637}.Release|Any CPU.Build.0 = Release|Any CPU
		{D89AC7C6-0A5B-4FE4-A2B4-665BB2A8DFD5}.Debug|Any CPU.ActiveCfg = Debug|Any CPU
		{D89AC7C6-0A5B-4FE4-A2B4-665BB2A8DFD5}.Debug|Any CPU.Build.0 = Debug|Any CPU
		{D89AC7C6-0A5B-4FE4-A2B4-665BB2A8DFD5}.Release|Any CPU.ActiveCfg = Release|Any CPU
		{D89AC7C6-0A5B-4FE4-A2B4-665BB2A8DFD5}.Release|Any CPU.Build.0 = Release|Any CPU
		{E9DFDFAB-0A89-4BC3-B18A-2D70ED97439B}.Debug|Any CPU.ActiveCfg = Debug|Any CPU
		{E9DFDFAB-0A89-4BC3-B18A-2D70ED97439B}.Debug|Any CPU.Build.0 = Debug|Any CPU
		{E9DFDFAB-0A89-4BC3-B18A-2D70ED97439B}.Release|Any CPU.ActiveCfg = Release|Any CPU
		{E9DFDFAB-0A89-4BC3-B18A-2D70ED97439B}.Release|Any CPU.Build.0 = Release|Any CPU
		{D9D86B63-F2C1-404C-B927-E4EB1268E091}.Debug|Any CPU.ActiveCfg = Debug|Any CPU
		{D9D86B63-F2C1-404C-B927-E4EB1268E091}.Debug|Any CPU.Build.0 = Debug|Any CPU
		{D9D86B63-F2C1-404C-B927-E4EB1268E091}.Release|Any CPU.ActiveCfg = Release|Any CPU
		{D9D86B63-F2C1-404C-B927-E4EB1268E091}.Release|Any CPU.Build.0 = Release|Any CPU
		{2AACAC41-F556-4E97-9B44-E935D6B53899}.Debug|Any CPU.ActiveCfg = Debug|Any CPU
		{2AACAC41-F556-4E97-9B44-E935D6B53899}.Debug|Any CPU.Build.0 = Debug|Any CPU
		{2AACAC41-F556-4E97-9B44-E935D6B53899}.Release|Any CPU.ActiveCfg = Release|Any CPU
		{2AACAC41-F556-4E97-9B44-E935D6B53899}.Release|Any CPU.Build.0 = Release|Any CPU
		{5B2196B0-5C90-4FCB-933C-EF1028ECEA6F}.Debug|Any CPU.ActiveCfg = Debug|Any CPU
		{5B2196B0-5C90-4FCB-933C-EF1028ECEA6F}.Debug|Any CPU.Build.0 = Debug|Any CPU
		{5B2196B0-5C90-4FCB-933C-EF1028ECEA6F}.Release|Any CPU.ActiveCfg = Release|Any CPU
		{5B2196B0-5C90-4FCB-933C-EF1028ECEA6F}.Release|Any CPU.Build.0 = Release|Any CPU
		{D2A76F29-EBC6-4AC6-B7FF-43457B6F108E}.Debug|Any CPU.ActiveCfg = Debug|Any CPU
		{D2A76F29-EBC6-4AC6-B7FF-43457B6F108E}.Debug|Any CPU.Build.0 = Debug|Any CPU
		{D2A76F29-EBC6-4AC6-B7FF-43457B6F108E}.Release|Any CPU.ActiveCfg = Release|Any CPU
		{D2A76F29-EBC6-4AC6-B7FF-43457B6F108E}.Release|Any CPU.Build.0 = Release|Any CPU
	EndGlobalSection
	GlobalSection(SolutionProperties) = preSolution
		HideSolutionNode = FALSE
	EndGlobalSection
	GlobalSection(ExtensibilityGlobals) = postSolution
		SolutionGuid = {8AF4D3E5-3969-4FA2-B27E-98EE41EA7018}
	EndGlobalSection
EndGlobal
